
Microsoft Visual Studio Solution File, Format Version 12.00
# Visual Studio 15
VisualStudioVersion = 15.0.28307.902
MinimumVisualStudioVersion = 10.0.40219.1
Project("{FAE04EC0-301F-11D3-BF4B-00C04F79EFBC}") = "WindowsFormsApp2", "WindowsFormsApp2\WindowsFormsApp2.csproj", "{C31B3EAA-3934-40C4-B5A9-8DB2DC675FCE}"
EndProject
Global
	GlobalSection(SolutionConfigurationPlatforms) = preSolution
		Debug|Any CPU = Debug|Any CPU
		Release|Any CPU = Release|Any CPU
	EndGlobalSection
	GlobalSection(ProjectConfigurationPlatforms) = postSolution
		{C31B3EAA-3934-40C4-B5A9-8DB2DC675FCE}.Debug|Any CPU.ActiveCfg = Debug|Any CPU
		{C31B3EAA-3934-40C4-B5A9-8DB2DC675FCE}.Debug|Any CPU.Build.0 = Debug|Any CPU
		{C31B3EAA-3934-40C4-B5A9-8DB2DC675FCE}.Release|Any CPU.ActiveCfg = Release|Any CPU
		{C31B3EAA-3934-40C4-B5A9-8DB2DC675FCE}.Release|Any CPU.Build.0 = Release|Any CPU
	EndGlobalSection
	GlobalSection(SolutionProperties) = preSolution
		HideSolutionNode = FALSE
	EndGlobalSection
	GlobalSection(ExtensibilityGlobals) = postSolution
		SolutionGuid = {E59D0276-AFE0-4EED-A625-F2E2433F0A1C}
	EndGlobalSection
EndGlobal
